{
  "lockfile_version": "1",
  "packages": {
    "python311Packages.pip@latest": {
      "last_modified": "2024-09-10T15:01:03Z",
      "resolved": "github:NixOS/nixpkgs/5ed627539ac84809c78b2dd6d26a5cebeb5ae269#python311Packages.pip",
      "source": "devbox-search",
      "version": "24.0",
      "systems": {
        "aarch64-darwin": {
          "outputs": [
            {
              "name": "out",
              "path": "/nix/store/ckni67h8iqidyzhgsd7fgx5ihgfrpqk5-python3.11-pip-24.0",
              "default": true
            },
            {
              "name": "man",
              "path": "/nix/store/gs2bn63f8s3hqjhiws774sbplsva0ms8-python3.11-pip-24.0-man",
              "default": true
            },
            {
              "name": "dist",
              "path": "/nix/store/pdmc4wm32l2vma3ygmhxq1dvd2wyy8jz-python3.11-pip-24.0-dist"
            }
          ],
          "store_path": "/nix/store/ckni67h8iqidyzhgsd7fgx5ihgfrpqk5-python3.11-pip-24.0"
        },
        "aarch64-linux": {
          "outputs": [
            {
              "name": "out",
              "path": "/nix/store/r30930px67zm59qavs1wrb4dafv3zvv6-python3.11-pip-24.0",
              "default": true
            },
            {
              "name": "man",
              "path": "/nix/store/94cmsqrmnivlydk77jmnh2lha8vd0q21-python3.11-pip-24.0-man",
              "default": true
            },
            {
              "name": "dist",
              "path": "/nix/store/cxv4ynjhxb9kd59xg8b02alkr0fjqiz5-python3.11-pip-24.0-dist"
            }
          ],
          "store_path": "/nix/store/r30930px67zm59qavs1wrb4dafv3zvv6-python3.11-pip-24.0"
        },
        "x86_64-darwin": {
          "outputs": [
            {
              "name": "out",
              "path": "/nix/store/wkwx7w9zcjwvzspls7r19hlpa7xl94w8-python3.11-pip-24.0",
              "default": true
            },
            {
              "name": "man",
              "path": "/nix/store/45cshzilw33zwdrl4yfdq675wzm13wsz-python3.11-pip-24.0-man",
              "default": true
            },
            {
              "name": "dist",
              "path": "/nix/store/h3k84d0r810lhwa9152z96ikilbnwgg2-python3.11-pip-24.0-dist"
            }
          ],
          "store_path": "/nix/store/wkwx7w9zcjwvzspls7r19hlpa7xl94w8-python3.11-pip-24.0"
        },
        "x86_64-linux": {
          "outputs": [
            {
              "name": "out",
              "path": "/nix/store/b4hrc7i8hzfzhvmq5qffyb748zkc4lkr-python3.11-pip-24.0",
              "default": true
            },
            {
              "name": "man",
              "path": "/nix/store/hvjfxrx4h92qm9y1jvw44ndy8fk61wlc-python3.11-pip-24.0-man",
              "default": true
            },
            {
              "name": "dist",
              "path": "/nix/store/npnd0dqb76jk3pw7n735r5ppzd1cr3w8-python3.11-pip-24.0-dist"
            }
          ],
          "store_path": "/nix/store/b4hrc7i8hzfzhvmq5qffyb748zkc4lkr-python3.11-pip-24.0"
        }
      }
    },
    "python@3.11": {
      "last_modified": "2024-06-12T20:55:33Z",
      "plugin_version": "0.0.4",
      "resolved": "github:NixOS/nixpkgs/a9858885e197f984d92d7fe64e9fff6b2e488d40#python3",
      "source": "devbox-search",
      "version": "3.11.9",
      "systems": {
        "aarch64-darwin": {
          "outputs": [
            {
              "name": "out",
              "path": "/nix/store/327bf08j5b7l9cnzink3g4vp32y5352j-python3-3.11.9",
              "default": true
            }
          ],
          "store_path": "/nix/store/327bf08j5b7l9cnzink3g4vp32y5352j-python3-3.11.9"
        },
        "aarch64-linux": {
          "outputs": [
            {
              "name": "out",
              "path": "/nix/store/q3x28mimkawkdjlvd78jxv3s0fk25vz8-python3-3.11.9",
              "default": true
            },
            {
              "name": "debug",
              "path": "/nix/store/kl8hjhf6x7dz7brs1ylkxy26qb8argaq-python3-3.11.9-debug"
            }
          ],
          "store_path": "/nix/store/q3x28mimkawkdjlvd78jxv3s0fk25vz8-python3-3.11.9"
        },
        "x86_64-darwin": {
          "outputs": [
            {
              "name": "out",
              "path": "/nix/store/9lcbaggnygcqpgzakib5lwisks8gnn5i-python3-3.11.9",
              "default": true
            }
          ],
          "store_path": "/nix/store/9lcbaggnygcqpgzakib5lwisks8gnn5i-python3-3.11.9"
        },
        "x86_64-linux": {
          "outputs": [
            {
              "name": "out",
              "path": "/nix/store/6b1fqdwb3g56j5pazv8zkx9qd0mv3wiz-python3-3.11.9",
              "default": true
            },
            {
              "name": "debug",
              "path": "/nix/store/61rzpp3v8dsf6h17h3jnnwlm5hwc2brr-python3-3.11.9-debug"
            }
          ],
          "store_path": "/nix/store/6b1fqdwb3g56j5pazv8zkx9qd0mv3wiz-python3-3.11.9"
        }
      }
    },
    "sqlite@latest": {
      "last_modified": "2024-10-04T16:56:48Z",
      "resolved": "github:NixOS/nixpkgs/8bca501bf31b54ae2022fe5065ab475d75f7560e#sqlite",
      "source": "devbox-search",
      "version": "3.46.0",
      "systems": {
        "aarch64-darwin": {
          "outputs": [
            {
              "name": "bin",
              "path": "/nix/store/5vcflcz5vmfzzv9ax6apvvgjksw8khsa-sqlite-3.46.0-bin",
              "default": true
            },
            {
              "name": "dev",
              "path": "/nix/store/b4pwgz9yii5rk4mvbj7ziy8wa7q0pjmn-sqlite-3.46.0-dev"
            },
            {
              "name": "out",
              "path": "/nix/store/6ak0yz6g90ccc8qhyxadk61zf8abhji7-sqlite-3.46.0"
            }
          ],
          "store_path": "/nix/store/5vcflcz5vmfzzv9ax6apvvgjksw8khsa-sqlite-3.46.0-bin"
        },
        "aarch64-linux": {
          "outputs": [
            {
              "name": "bin",
              "path": "/nix/store/7qkn83pj9dlgx67ch30g235v6i9j88f1-sqlite-3.46.0-bin",
              "default": true
            },
            {
              "name": "dev",
              "path": "/nix/store/rv1l1r26xdx7j3grjyv2fmq98z1js5hf-sqlite-3.46.0-dev"
            },
            {
              "name": "out",
              "path": "/nix/store/bb9ipsgxf2yqzwnnyqi943w8lzyalgsa-sqlite-3.46.0"
            },
            {
              "name": "debug",
              "path": "/nix/store/3fzygkfb10b90nwpaqz0d4zwhxaqjph9-sqlite-3.46.0-debug"
            }
          ],
          "store_path": "/nix/store/7qkn83pj9dlgx67ch30g235v6i9j88f1-sqlite-3.46.0-bin"
        },
        "x86_64-darwin": {
          "outputs": [
            {
              "name": "bin",
              "path": "/nix/store/j5k1hj7d9vglzrrg9qf0dw5g5mrhampn-sqlite-3.46.0-bin",
              "default": true
            },
            {
              "name": "out",
              "path": "/nix/store/y85wqjr18rwqd5a30jky0fy2l74yybv9-sqlite-3.46.0"
            },
            {
              "name": "dev",
              "path": "/nix/store/39a9k44q8wm92ggv6ar5drf3p53lcjxm-sqlite-3.46.0-dev"
            }
          ],
          "store_path": "/nix/store/j5k1hj7d9vglzrrg9qf0dw5g5mrhampn-sqlite-3.46.0-bin"
        },
        "x86_64-linux": {
          "outputs": [
            {
              "name": "bin",
              "path": "/nix/store/6r58kzdhs5jlynkkndg1plia4bvvkadv-sqlite-3.46.0-bin",
              "default": true
            },
            {
              "name": "debug",
              "path": "/nix/store/2zsd40g9vmvngc174da42q5brg2dd620-sqlite-3.46.0-debug"
            },
            {
              "name": "dev",
              "path": "/nix/store/8r55amvr43sm771rgm0sszd05rm8j1cr-sqlite-3.46.0-dev"
            },
            {
              "name": "out",
              "path": "/nix/store/g2i5j8i0bwfih7hg2wbc15k2969bckn3-sqlite-3.46.0"
            }
          ],
          "store_path": "/nix/store/6r58kzdhs5jlynkkndg1plia4bvvkadv-sqlite-3.46.0-bin"
        }
      }
    }
  }
}
