{
  "lockfile_version": "1",
  "packages": {
    "python312@latest": {
      "last_modified": "2024-06-12T20:55:33Z",
      "plugin_version": "0.0.4",
      "resolved": "github:NixOS/nixpkgs/a9858885e197f984d92d7fe64e9fff6b2e488d40#python312",
      "source": "devbox-search",
      "version": "3.12.3",
      "systems": {
        "aarch64-darwin": {
          "outputs": [
            {
              "name": "out",
              "path": "/nix/store/65ackbgqn02p6fy75rksjbp17zj6440j-python3-3.12.3",
              "default": true
            }
          ],
          "store_path": "/nix/store/65ackbgqn02p6fy75rksjbp17zj6440j-python3-3.12.3"
        },
        "aarch64-linux": {
          "outputs": [
            {
              "name": "out",
              "path": "/nix/store/59siylp1k9i3ch4d9m3vs5jp5z56b5sg-python3-3.12.3",
              "default": true
            },
            {
              "name": "debug",
              "path": "/nix/store/ji094818a78hrkag26202b21nr5v1pgk-python3-3.12.3-debug"
            }
          ],
          "store_path": "/nix/store/59siylp1k9i3ch4d9m3vs5jp5z56b5sg-python3-3.12.3"
        },
        "x86_64-darwin": {
          "outputs": [
            {
              "name": "out",
              "path": "/nix/store/nrskm5p85y6751k02ih51bpzfag8g5r8-python3-3.12.3",
              "default": true
            }
          ],
          "store_path": "/nix/store/nrskm5p85y6751k02ih51bpzfag8g5r8-python3-3.12.3"
        },
        "x86_64-linux": {
          "outputs": [
            {
              "name": "out",
              "path": "/nix/store/zwvdwiw0zg5liz6lkkkqyab035parhld-python3-3.12.3",
              "default": true
            },
            {
              "name": "debug",
              "path": "/nix/store/wj6mffmpvly3md2hqnq2jj8zrrw5qck9-python3-3.12.3-debug"
            }
          ],
          "store_path": "/nix/store/zwvdwiw0zg5liz6lkkkqyab035parhld-python3-3.12.3"
        }
      }
    },
    "sqlite@latest": {
      "last_modified": "2024-10-04T16:56:48Z",
      "resolved": "github:NixOS/nixpkgs/8bca501bf31b54ae2022fe5065ab475d75f7560e#sqlite",
      "source": "devbox-search",
      "version": "3.46.0",
      "systems": {
        "aarch64-darwin": {
          "outputs": [
            {
              "name": "bin",
              "path": "/nix/store/5vcflcz5vmfzzv9ax6apvvgjksw8khsa-sqlite-3.46.0-bin",
              "default": true
            },
            {
              "name": "dev",
              "path": "/nix/store/b4pwgz9yii5rk4mvbj7ziy8wa7q0pjmn-sqlite-3.46.0-dev"
            },
            {
              "name": "out",
              "path": "/nix/store/6ak0yz6g90ccc8qhyxadk61zf8abhji7-sqlite-3.46.0"
            }
          ],
          "store_path": "/nix/store/5vcflcz5vmfzzv9ax6apvvgjksw8khsa-sqlite-3.46.0-bin"
        },
        "aarch64-linux": {
          "outputs": [
            {
              "name": "bin",
              "path": "/nix/store/7qkn83pj9dlgx67ch30g235v6i9j88f1-sqlite-3.46.0-bin",
              "default": true
            },
            {
              "name": "dev",
              "path": "/nix/store/rv1l1r26xdx7j3grjyv2fmq98z1js5hf-sqlite-3.46.0-dev"
            },
            {
              "name": "out",
              "path": "/nix/store/bb9ipsgxf2yqzwnnyqi943w8lzyalgsa-sqlite-3.46.0"
            },
            {
              "name": "debug",
              "path": "/nix/store/3fzygkfb10b90nwpaqz0d4zwhxaqjph9-sqlite-3.46.0-debug"
            }
          ],
          "store_path": "/nix/store/7qkn83pj9dlgx67ch30g235v6i9j88f1-sqlite-3.46.0-bin"
        },
        "x86_64-darwin": {
          "outputs": [
            {
              "name": "bin",
              "path": "/nix/store/j5k1hj7d9vglzrrg9qf0dw5g5mrhampn-sqlite-3.46.0-bin",
              "default": true
            },
            {
              "name": "out",
              "path": "/nix/store/y85wqjr18rwqd5a30jky0fy2l74yybv9-sqlite-3.46.0"
            },
            {
              "name": "dev",
              "path": "/nix/store/39a9k44q8wm92ggv6ar5drf3p53lcjxm-sqlite-3.46.0-dev"
            }
          ],
          "store_path": "/nix/store/j5k1hj7d9vglzrrg9qf0dw5g5mrhampn-sqlite-3.46.0-bin"
        },
        "x86_64-linux": {
          "outputs": [
            {
              "name": "bin",
              "path": "/nix/store/6r58kzdhs5jlynkkndg1plia4bvvkadv-sqlite-3.46.0-bin",
              "default": true
            },
            {
              "name": "debug",
              "path": "/nix/store/2zsd40g9vmvngc174da42q5brg2dd620-sqlite-3.46.0-debug"
            },
            {
              "name": "dev",
              "path": "/nix/store/8r55amvr43sm771rgm0sszd05rm8j1cr-sqlite-3.46.0-dev"
            },
            {
              "name": "out",
              "path": "/nix/store/g2i5j8i0bwfih7hg2wbc15k2969bckn3-sqlite-3.46.0"
            }
          ],
          "store_path": "/nix/store/6r58kzdhs5jlynkkndg1plia4bvvkadv-sqlite-3.46.0-bin"
        }
      }
    },
    "yarn@latest": {
      "last_modified": "2024-11-28T07:51:56Z",
      "resolved": "github:NixOS/nixpkgs/226216574ada4c3ecefcbbec41f39ce4655f78ef#yarn",
      "source": "devbox-search",
      "version": "1.22.22",
      "systems": {
        "aarch64-darwin": {
          "outputs": [
            {
              "name": "out",
              "path": "/nix/store/0hmmpszg5wfrr43kvlk2cxjqpll0dh2z-yarn-1.22.22",
              "default": true
            }
          ],
          "store_path": "/nix/store/0hmmpszg5wfrr43kvlk2cxjqpll0dh2z-yarn-1.22.22"
        },
        "aarch64-linux": {
          "outputs": [
            {
              "name": "out",
              "path": "/nix/store/vmx0di4y3m8amqwsfgyccf8zs8kml06q-yarn-1.22.22",
              "default": true
            }
          ],
          "store_path": "/nix/store/vmx0di4y3m8amqwsfgyccf8zs8kml06q-yarn-1.22.22"
        },
        "x86_64-darwin": {
          "outputs": [
            {
              "name": "out",
              "path": "/nix/store/nbaa0rip3xw6l3bmnc2k2fm071pzvzwv-yarn-1.22.22",
              "default": true
            }
          ],
          "store_path": "/nix/store/nbaa0rip3xw6l3bmnc2k2fm071pzvzwv-yarn-1.22.22"
        },
        "x86_64-linux": {
          "outputs": [
            {
              "name": "out",
              "path": "/nix/store/jcgdksj946l5l42c2y9ks2l4g6n74h3f-yarn-1.22.22",
              "default": true
            }
          ],
          "store_path": "/nix/store/jcgdksj946l5l42c2y9ks2l4g6n74h3f-yarn-1.22.22"
        }
      }
    }
  }
}
